
Microsoft Visual Studio Solution File, Format Version 12.00
# Visual Studio Version 17
VisualStudioVersion = 17.1.32210.238
MinimumVisualStudioVersion = 10.0.40219.1
Project("{FAE04EC0-301F-11D3-BF4B-00C04F79EFBC}") = "Experiment4", "Experiment4.csproj", "{4E769A9B-DF75-4EFC-AD01-7C857162DC19}"
EndProject
Global
	GlobalSection(SolutionConfigurationPlatforms) = preSolution
		Debug|Any CPU = Debug|Any CPU
		Release|Any CPU = Release|Any CPU
	EndGlobalSection
	GlobalSection(ProjectConfigurationPlatforms) = postSolution
		{4E769A9B-DF75-4EFC-AD01-7C857162DC19}.Debug|Any CPU.ActiveCfg = Debug|Any CPU
		{4E769A9B-DF75-4EFC-AD01-7C857162DC19}.Debug|Any CPU.Build.0 = Debug|Any CPU
		{4E769A9B-DF75-4EFC-AD01-7C857162DC19}.Release|Any CPU.ActiveCfg = Release|Any CPU
		{4E769A9B-DF75-4EFC-AD01-7C857162DC19}.Release|Any CPU.Build.0 = Release|Any CPU
	EndGlobalSection
	GlobalSection(SolutionProperties) = preSolution
		HideSolutionNode = FALSE
	EndGlobalSection
	GlobalSection(ExtensibilityGlobals) = postSolution
		SolutionGuid = {B37ECF50-7FF0-427A-939D-241D8F1609A2}
	EndGlobalSection
EndGlobal
