
Microsoft Visual Studio Solution File, Format Version 12.00
# Visual Studio Version 17
VisualStudioVersion = 17.1.32414.318
MinimumVisualStudioVersion = 10.0.40219.1
Project("{FAE04EC0-301F-11D3-BF4B-00C04F79EFBC}") = "Exp9Sessions", "Exp9Sessions.csproj", "{B7ECB04E-A4BC-411C-9604-CC1DB6EC3874}"
EndProject
Global
	GlobalSection(SolutionConfigurationPlatforms) = preSolution
		Debug|Any CPU = Debug|Any CPU
		Release|Any CPU = Release|Any CPU
	EndGlobalSection
	GlobalSection(ProjectConfigurationPlatforms) = postSolution
		{B7ECB04E-A4BC-411C-9604-CC1DB6EC3874}.Debug|Any CPU.ActiveCfg = Debug|Any CPU
		{B7ECB04E-A4BC-411C-9604-CC1DB6EC3874}.Debug|Any CPU.Build.0 = Debug|Any CPU
		{B7ECB04E-A4BC-411C-9604-CC1DB6EC3874}.Release|Any CPU.ActiveCfg = Release|Any CPU
		{B7ECB04E-A4BC-411C-9604-CC1DB6EC3874}.Release|Any CPU.Build.0 = Release|Any CPU
	EndGlobalSection
	GlobalSection(SolutionProperties) = preSolution
		HideSolutionNode = FALSE
	EndGlobalSection
	GlobalSection(ExtensibilityGlobals) = postSolution
		SolutionGuid = {EE7908C2-0045-459A-8BCF-69444F694C12}
	EndGlobalSection
EndGlobal
