
Microsoft Visual Studio Solution File, Format Version 12.00
# Visual Studio Version 17
VisualStudioVersion = 17.1.32414.318
MinimumVisualStudioVersion = 10.0.40219.1
Project("{FAE04EC0-301F-11D3-BF4B-00C04F79EFBC}") = "Exp_8auto", "Exp_8auto.csproj", "{A3DBB3C0-DEE0-48C2-B803-11E0F201CB21}"
EndProject
Global
	GlobalSection(SolutionConfigurationPlatforms) = preSolution
		Debug|Any CPU = Debug|Any CPU
		Release|Any CPU = Release|Any CPU
	EndGlobalSection
	GlobalSection(ProjectConfigurationPlatforms) = postSolution
		{A3DBB3C0-DEE0-48C2-B803-11E0F201CB21}.Debug|Any CPU.ActiveCfg = Debug|Any CPU
		{A3DBB3C0-DEE0-48C2-B803-11E0F201CB21}.Debug|Any CPU.Build.0 = Debug|Any CPU
		{A3DBB3C0-DEE0-48C2-B803-11E0F201CB21}.Release|Any CPU.ActiveCfg = Release|Any CPU
		{A3DBB3C0-DEE0-48C2-B803-11E0F201CB21}.Release|Any CPU.Build.0 = Release|Any CPU
	EndGlobalSection
	GlobalSection(SolutionProperties) = preSolution
		HideSolutionNode = FALSE
	EndGlobalSection
	GlobalSection(ExtensibilityGlobals) = postSolution
		SolutionGuid = {7EE2299D-AF35-4FD0-A5E0-3C2BAE4EC88F}
	EndGlobalSection
EndGlobal
